
Microsoft Visual Studio Solution File, Format Version 12.00
# Visual Studio Version 17
VisualStudioVersion = 17.14.36408.4
MinimumVisualStudioVersion = 10.0.40219.1
Project("{FAE04EC0-301F-11D3-BF4B-00C04F79EFBC}") = "DesignPatterns", "DesignPatterns\DesignPatterns.csproj", "{FDB062A1-EA55-4A31-A155-EF965DC99071}"
EndProject
Project("{FAE04EC0-301F-11D3-BF4B-00C04F79EFBC}") = "Encapsulamento1", "Encapsulamento1\Encapsulamento1.csproj", "{6DA42052-2E62-4AA2-975B-4299A327FB3B}"
EndProject
Project("{FAE04EC0-301F-11D3-BF4B-00C04F79EFBC}") = "Abstracao1", "Abstracao1\Abstracao1.csproj", "{38585249-A043-4429-AD57-4A0346693BAF}"
EndProject
Project("{FAE04EC0-301F-11D3-BF4B-00C04F79EFBC}") = "Heranca1", "Heranca1\Heranca1.csproj", "{830103B4-DA5B-4C38-984B-B74B3AE15819}"
EndProject
Project("{FAE04EC0-301F-11D3-BF4B-00C04F79EFBC}") = "ClasseAbstrata1", "ClasseAbstrata1\ClasseAbstrata1.csproj", "{649DABD6-FEAF-4661-B18F-DEC32095BB83}"
EndProject
Project("{FAE04EC0-301F-11D3-BF4B-00C04F79EFBC}") = "Polimorfismo1", "Polimorfismo1\Polimorfismo1.csproj", "{A74D2DE2-D968-4752-AF35-3A671F33910A}"
EndProject
Project("{FAE04EC0-301F-11D3-BF4B-00C04F79EFBC}") = "Adapter1", "Adapter1\Adapter1.csproj", "{99E7DC38-DE0B-4E28-8F15-BE5CB9152A53}"
EndProject
Project("{FAE04EC0-301F-11D3-BF4B-00C04F79EFBC}") = "Adapter2", "Adapter2\Adapter2.csproj", "{C0682540-8204-4E14-9E6A-30B3A81D54BC}"
EndProject
Project("{FAE04EC0-301F-11D3-BF4B-00C04F79EFBC}") = "Adapter3", "Adapter3\Adapter3.csproj", "{07BBE706-B1DE-4C5C-B68F-8B3C128925CD}"
EndProject
Project("{FAE04EC0-301F-11D3-BF4B-00C04F79EFBC}") = "Bridge1", "Bridge1\Bridge1.csproj", "{1F441918-3100-4162-9CAD-374D921D2B30}"
EndProject
Project("{FAE04EC0-301F-11D3-BF4B-00C04F79EFBC}") = "Bridge2", "Bridge2\Bridge2.csproj", "{AB0399DC-6CD0-46B7-8D43-FD19F2014874}"
EndProject
Project("{FAE04EC0-301F-11D3-BF4B-00C04F79EFBC}") = "Bridge3", "Bridge3\Bridge3.csproj", "{90F70699-C464-4AB3-BDA0-72C14723E88B}"
EndProject
Project("{FAE04EC0-301F-11D3-BF4B-00C04F79EFBC}") = "Composite1", "Composite1\Composite1.csproj", "{0F08C2A1-A873-4A99-8309-13009B5AA2BB}"
EndProject
Project("{FAE04EC0-301F-11D3-BF4B-00C04F79EFBC}") = "Composite2", "Composite2\Composite2.csproj", "{76260C22-B17A-458C-8831-DAC68E9A826A}"
EndProject
Project("{FAE04EC0-301F-11D3-BF4B-00C04F79EFBC}") = "Composite3", "Composite3\Composite3.csproj", "{599C9F93-9910-4BE0-88F5-376DAFAEC80B}"
EndProject
Project("{FAE04EC0-301F-11D3-BF4B-00C04F79EFBC}") = "Decorator1", "Decorator1\Decorator1.csproj", "{E3340C7C-88AE-4313-8043-C90A96313A15}"
EndProject
Project("{FAE04EC0-301F-11D3-BF4B-00C04F79EFBC}") = "Decorator2", "Decorator2\Decorator2.csproj", "{AE740D65-9939-481D-BDD0-5E2DF54F5145}"
EndProject
Project("{FAE04EC0-301F-11D3-BF4B-00C04F79EFBC}") = "Decorator3", "Decorator3\Decorator3.csproj", "{9C8287CE-1D23-4565-A0C7-8753FAE4AF2E}"
EndProject
Project("{FAE04EC0-301F-11D3-BF4B-00C04F79EFBC}") = "Facade1", "Facade1\Facade1.csproj", "{D00114C0-A4C8-40F1-9EDE-7F9C25755EBD}"
EndProject
Project("{FAE04EC0-301F-11D3-BF4B-00C04F79EFBC}") = "Facade2", "Facade2\Facade2.csproj", "{BC760210-7E28-47F5-A179-0F004F002415}"
EndProject
Project("{FAE04EC0-301F-11D3-BF4B-00C04F79EFBC}") = "Flyweight1", "Flyweight1\Flyweight1.csproj", "{FD7B6868-91EB-4ABB-A3FE-64F4031CB060}"
EndProject
Project("{FAE04EC0-301F-11D3-BF4B-00C04F79EFBC}") = "Flyweight2", "Flyweight2\Flyweight2.csproj", "{210D9B5A-6FBA-47BF-A344-C1D2988E8F15}"
EndProject
Project("{FAE04EC0-301F-11D3-BF4B-00C04F79EFBC}") = "Flyweight3", "Flyweight3\Flyweight3.csproj", "{257D7E9C-5D48-4104-BB84-A283E909F9C2}"
EndProject
Project("{FAE04EC0-301F-11D3-BF4B-00C04F79EFBC}") = "Facade3", "Facade3\Facade3.csproj", "{F4E18A46-07C1-4772-8932-E8F0B3FEF0FE}"
EndProject
Project("{FAE04EC0-301F-11D3-BF4B-00C04F79EFBC}") = "Proxy1", "Proxy1\Proxy1.csproj", "{83FBBDED-ACC5-4218-B97A-04CFB0F58D1C}"
EndProject
Project("{FAE04EC0-301F-11D3-BF4B-00C04F79EFBC}") = "Proxy2", "Proxy2\Proxy2.csproj", "{0C978E8F-9646-41CC-8F35-FD79D850F615}"
EndProject
Project("{FAE04EC0-301F-11D3-BF4B-00C04F79EFBC}") = "Proxy3", "Proxy3\Proxy3.csproj", "{CAFE2605-65D4-4B66-9671-60EFC770AD3F}"
EndProject
Project("{FAE04EC0-301F-11D3-BF4B-00C04F79EFBC}") = "Decorator4", "Decorator4\Decorator4.csproj", "{EFAD667B-6011-4A97-94FB-79E85BE1DD60}"
EndProject
Project("{2150E333-8FDC-42A3-9474-1A3956D46DE8}") = "Structural", "Structural", "{A477E3ED-2139-4D4B-BD01-C013864F3324}"
EndProject
Project("{2150E333-8FDC-42A3-9474-1A3956D46DE8}") = "Behavioral", "Behavioral", "{02EA681E-C7D8-13C7-8484-4AC65E1B71E8}"
EndProject
Project("{FAE04EC0-301F-11D3-BF4B-00C04F79EFBC}") = "ChainOfResposability1", "ChainOfResposability1\ChainOfResposability1.csproj", "{C710601A-49D6-49CB-9EEA-2528B0A45EFA}"
EndProject
Project("{FAE04EC0-301F-11D3-BF4B-00C04F79EFBC}") = "Command1", "Command1\Command1\Command1.csproj", "{C190974D-CBED-47BD-ABDC-267AFBDD12E5}"
EndProject
Project("{FAE04EC0-301F-11D3-BF4B-00C04F79EFBC}") = "Interpreter1", "Interpreter1\Interpreter1.csproj", "{095E7F6C-200D-4A89-B91C-A1762C8D543F}"
EndProject
Project("{FAE04EC0-301F-11D3-BF4B-00C04F79EFBC}") = "Interator1", "Interator1\Interator1.csproj", "{5C9B9384-7412-4E2E-BE0B-F0F5587D3592}"
EndProject
Project("{FAE04EC0-301F-11D3-BF4B-00C04F79EFBC}") = "Mediator1", "Mediator1\Mediator1.csproj", "{959AFD6F-7139-4511-8E5F-288355FA0D2F}"
EndProject
Project("{FAE04EC0-301F-11D3-BF4B-00C04F79EFBC}") = "Memento1", "Memento1\Memento1.csproj", "{AA6C5C5C-BE0B-4A8F-BA04-8F21E2D426B8}"
EndProject
Project("{FAE04EC0-301F-11D3-BF4B-00C04F79EFBC}") = "Observer1", "Observer1\Observer1.csproj", "{3E7FD18A-AF88-4070-A986-3E1D57550966}"
EndProject
Project("{FAE04EC0-301F-11D3-BF4B-00C04F79EFBC}") = "State1", "State1\State1.csproj", "{492B693C-FF28-4712-A945-E730796ED025}"
EndProject
Project("{FAE04EC0-301F-11D3-BF4B-00C04F79EFBC}") = "Strategy1", "Strategy1\Strategy1.csproj", "{F9FBECD6-9DB2-4051-8E15-BE799E68DC97}"
EndProject
Global
	GlobalSection(SolutionConfigurationPlatforms) = preSolution
		Debug|Any CPU = Debug|Any CPU
		Release|Any CPU = Release|Any CPU
	EndGlobalSection
	GlobalSection(ProjectConfigurationPlatforms) = postSolution
		{FDB062A1-EA55-4A31-A155-EF965DC99071}.Debug|Any CPU.ActiveCfg = Debug|Any CPU
		{FDB062A1-EA55-4A31-A155-EF965DC99071}.Debug|Any CPU.Build.0 = Debug|Any CPU
		{FDB062A1-EA55-4A31-A155-EF965DC99071}.Release|Any CPU.ActiveCfg = Release|Any CPU
		{FDB062A1-EA55-4A31-A155-EF965DC99071}.Release|Any CPU.Build.0 = Release|Any CPU
		{6DA42052-2E62-4AA2-975B-4299A327FB3B}.Debug|Any CPU.ActiveCfg = Debug|Any CPU
		{6DA42052-2E62-4AA2-975B-4299A327FB3B}.Debug|Any CPU.Build.0 = Debug|Any CPU
		{6DA42052-2E62-4AA2-975B-4299A327FB3B}.Release|Any CPU.ActiveCfg = Release|Any CPU
		{6DA42052-2E62-4AA2-975B-4299A327FB3B}.Release|Any CPU.Build.0 = Release|Any CPU
		{38585249-A043-4429-AD57-4A0346693BAF}.Debug|Any CPU.ActiveCfg = Debug|Any CPU
		{38585249-A043-4429-AD57-4A0346693BAF}.Debug|Any CPU.Build.0 = Debug|Any CPU
		{38585249-A043-4429-AD57-4A0346693BAF}.Release|Any CPU.ActiveCfg = Release|Any CPU
		{38585249-A043-4429-AD57-4A0346693BAF}.Release|Any CPU.Build.0 = Release|Any CPU
		{830103B4-DA5B-4C38-984B-B74B3AE15819}.Debug|Any CPU.ActiveCfg = Debug|Any CPU
		{830103B4-DA5B-4C38-984B-B74B3AE15819}.Debug|Any CPU.Build.0 = Debug|Any CPU
		{830103B4-DA5B-4C38-984B-B74B3AE15819}.Release|Any CPU.ActiveCfg = Release|Any CPU
		{830103B4-DA5B-4C38-984B-B74B3AE15819}.Release|Any CPU.Build.0 = Release|Any CPU
		{649DABD6-FEAF-4661-B18F-DEC32095BB83}.Debug|Any CPU.ActiveCfg = Debug|Any CPU
		{649DABD6-FEAF-4661-B18F-DEC32095BB83}.Debug|Any CPU.Build.0 = Debug|Any CPU
		{649DABD6-FEAF-4661-B18F-DEC32095BB83}.Release|Any CPU.ActiveCfg = Release|Any CPU
		{649DABD6-FEAF-4661-B18F-DEC32095BB83}.Release|Any CPU.Build.0 = Release|Any CPU
		{A74D2DE2-D968-4752-AF35-3A671F33910A}.Debug|Any CPU.ActiveCfg = Debug|Any CPU
		{A74D2DE2-D968-4752-AF35-3A671F33910A}.Debug|Any CPU.Build.0 = Debug|Any CPU
		{A74D2DE2-D968-4752-AF35-3A671F33910A}.Release|Any CPU.ActiveCfg = Release|Any CPU
		{A74D2DE2-D968-4752-AF35-3A671F33910A}.Release|Any CPU.Build.0 = Release|Any CPU
		{99E7DC38-DE0B-4E28-8F15-BE5CB9152A53}.Debug|Any CPU.ActiveCfg = Debug|Any CPU
		{99E7DC38-DE0B-4E28-8F15-BE5CB9152A53}.Debug|Any CPU.Build.0 = Debug|Any CPU
		{99E7DC38-DE0B-4E28-8F15-BE5CB9152A53}.Release|Any CPU.ActiveCfg = Release|Any CPU
		{99E7DC38-DE0B-4E28-8F15-BE5CB9152A53}.Release|Any CPU.Build.0 = Release|Any CPU
		{C0682540-8204-4E14-9E6A-30B3A81D54BC}.Debug|Any CPU.ActiveCfg = Debug|Any CPU
		{C0682540-8204-4E14-9E6A-30B3A81D54BC}.Debug|Any CPU.Build.0 = Debug|Any CPU
		{C0682540-8204-4E14-9E6A-30B3A81D54BC}.Release|Any CPU.ActiveCfg = Release|Any CPU
		{C0682540-8204-4E14-9E6A-30B3A81D54BC}.Release|Any CPU.Build.0 = Release|Any CPU
		{07BBE706-B1DE-4C5C-B68F-8B3C128925CD}.Debug|Any CPU.ActiveCfg = Debug|Any CPU
		{07BBE706-B1DE-4C5C-B68F-8B3C128925CD}.Debug|Any CPU.Build.0 = Debug|Any CPU
		{07BBE706-B1DE-4C5C-B68F-8B3C128925CD}.Release|Any CPU.ActiveCfg = Release|Any CPU
		{07BBE706-B1DE-4C5C-B68F-8B3C128925CD}.Release|Any CPU.Build.0 = Release|Any CPU
		{1F441918-3100-4162-9CAD-374D921D2B30}.Debug|Any CPU.ActiveCfg = Debug|Any CPU
		{1F441918-3100-4162-9CAD-374D921D2B30}.Debug|Any CPU.Build.0 = Debug|Any CPU
		{1F441918-3100-4162-9CAD-374D921D2B30}.Release|Any CPU.ActiveCfg = Release|Any CPU
		{1F441918-3100-4162-9CAD-374D921D2B30}.Release|Any CPU.Build.0 = Release|Any CPU
		{AB0399DC-6CD0-46B7-8D43-FD19F2014874}.Debug|Any CPU.ActiveCfg = Debug|Any CPU
		{AB0399DC-6CD0-46B7-8D43-FD19F2014874}.Debug|Any CPU.Build.0 = Debug|Any CPU
		{AB0399DC-6CD0-46B7-8D43-FD19F2014874}.Release|Any CPU.ActiveCfg = Release|Any CPU
		{AB0399DC-6CD0-46B7-8D43-FD19F2014874}.Release|Any CPU.Build.0 = Release|Any CPU
		{90F70699-C464-4AB3-BDA0-72C14723E88B}.Debug|Any CPU.ActiveCfg = Debug|Any CPU
		{90F70699-C464-4AB3-BDA0-72C14723E88B}.Debug|Any CPU.Build.0 = Debug|Any CPU
		{90F70699-C464-4AB3-BDA0-72C14723E88B}.Release|Any CPU.ActiveCfg = Release|Any CPU
		{90F70699-C464-4AB3-BDA0-72C14723E88B}.Release|Any CPU.Build.0 = Release|Any CPU
		{0F08C2A1-A873-4A99-8309-13009B5AA2BB}.Debug|Any CPU.ActiveCfg = Debug|Any CPU
		{0F08C2A1-A873-4A99-8309-13009B5AA2BB}.Debug|Any CPU.Build.0 = Debug|Any CPU
		{0F08C2A1-A873-4A99-8309-13009B5AA2BB}.Release|Any CPU.ActiveCfg = Release|Any CPU
		{0F08C2A1-A873-4A99-8309-13009B5AA2BB}.Release|Any CPU.Build.0 = Release|Any CPU
		{76260C22-B17A-458C-8831-DAC68E9A826A}.Debug|Any CPU.ActiveCfg = Debug|Any CPU
		{76260C22-B17A-458C-8831-DAC68E9A826A}.Debug|Any CPU.Build.0 = Debug|Any CPU
		{76260C22-B17A-458C-8831-DAC68E9A826A}.Release|Any CPU.ActiveCfg = Release|Any CPU
		{76260C22-B17A-458C-8831-DAC68E9A826A}.Release|Any CPU.Build.0 = Release|Any CPU
		{599C9F93-9910-4BE0-88F5-376DAFAEC80B}.Debug|Any CPU.ActiveCfg = Debug|Any CPU
		{599C9F93-9910-4BE0-88F5-376DAFAEC80B}.Debug|Any CPU.Build.0 = Debug|Any CPU
		{599C9F93-9910-4BE0-88F5-376DAFAEC80B}.Release|Any CPU.ActiveCfg = Release|Any CPU
		{599C9F93-9910-4BE0-88F5-376DAFAEC80B}.Release|Any CPU.Build.0 = Release|Any CPU
		{E3340C7C-88AE-4313-8043-C90A96313A15}.Debug|Any CPU.ActiveCfg = Debug|Any CPU
		{E3340C7C-88AE-4313-8043-C90A96313A15}.Debug|Any CPU.Build.0 = Debug|Any CPU
		{E3340C7C-88AE-4313-8043-C90A96313A15}.Release|Any CPU.ActiveCfg = Release|Any CPU
		{E3340C7C-88AE-4313-8043-C90A96313A15}.Release|Any CPU.Build.0 = Release|Any CPU
		{AE740D65-9939-481D-BDD0-5E2DF54F5145}.Debug|Any CPU.ActiveCfg = Debug|Any CPU
		{AE740D65-9939-481D-BDD0-5E2DF54F5145}.Debug|Any CPU.Build.0 = Debug|Any CPU
		{AE740D65-9939-481D-BDD0-5E2DF54F5145}.Release|Any CPU.ActiveCfg = Release|Any CPU
		{AE740D65-9939-481D-BDD0-5E2DF54F5145}.Release|Any CPU.Build.0 = Release|Any CPU
		{9C8287CE-1D23-4565-A0C7-8753FAE4AF2E}.Debug|Any CPU.ActiveCfg = Debug|Any CPU
		{9C8287CE-1D23-4565-A0C7-8753FAE4AF2E}.Debug|Any CPU.Build.0 = Debug|Any CPU
		{9C8287CE-1D23-4565-A0C7-8753FAE4AF2E}.Release|Any CPU.ActiveCfg = Release|Any CPU
		{9C8287CE-1D23-4565-A0C7-8753FAE4AF2E}.Release|Any CPU.Build.0 = Release|Any CPU
		{D00114C0-A4C8-40F1-9EDE-7F9C25755EBD}.Debug|Any CPU.ActiveCfg = Debug|Any CPU
		{D00114C0-A4C8-40F1-9EDE-7F9C25755EBD}.Debug|Any CPU.Build.0 = Debug|Any CPU
		{D00114C0-A4C8-40F1-9EDE-7F9C25755EBD}.Release|Any CPU.ActiveCfg = Release|Any CPU
		{D00114C0-A4C8-40F1-9EDE-7F9C25755EBD}.Release|Any CPU.Build.0 = Release|Any CPU
		{BC760210-7E28-47F5-A179-0F004F002415}.Debug|Any CPU.ActiveCfg = Debug|Any CPU
		{BC760210-7E28-47F5-A179-0F004F002415}.Debug|Any CPU.Build.0 = Debug|Any CPU
		{BC760210-7E28-47F5-A179-0F004F002415}.Release|Any CPU.ActiveCfg = Release|Any CPU
		{BC760210-7E28-47F5-A179-0F004F002415}.Release|Any CPU.Build.0 = Release|Any CPU
		{FD7B6868-91EB-4ABB-A3FE-64F4031CB060}.Debug|Any CPU.ActiveCfg = Debug|Any CPU
		{FD7B6868-91EB-4ABB-A3FE-64F4031CB060}.Debug|Any CPU.Build.0 = Debug|Any CPU
		{FD7B6868-91EB-4ABB-A3FE-64F4031CB060}.Release|Any CPU.ActiveCfg = Release|Any CPU
		{FD7B6868-91EB-4ABB-A3FE-64F4031CB060}.Release|Any CPU.Build.0 = Release|Any CPU
		{210D9B5A-6FBA-47BF-A344-C1D2988E8F15}.Debug|Any CPU.ActiveCfg = Debug|Any CPU
		{210D9B5A-6FBA-47BF-A344-C1D2988E8F15}.Debug|Any CPU.Build.0 = Debug|Any CPU
		{210D9B5A-6FBA-47BF-A344-C1D2988E8F15}.Release|Any CPU.ActiveCfg = Release|Any CPU
		{210D9B5A-6FBA-47BF-A344-C1D2988E8F15}.Release|Any CPU.Build.0 = Release|Any CPU
		{257D7E9C-5D48-4104-BB84-A283E909F9C2}.Debug|Any CPU.ActiveCfg = Debug|Any CPU
		{257D7E9C-5D48-4104-BB84-A283E909F9C2}.Debug|Any CPU.Build.0 = Debug|Any CPU
		{257D7E9C-5D48-4104-BB84-A283E909F9C2}.Release|Any CPU.ActiveCfg = Release|Any CPU
		{257D7E9C-5D48-4104-BB84-A283E909F9C2}.Release|Any CPU.Build.0 = Release|Any CPU
		{F4E18A46-07C1-4772-8932-E8F0B3FEF0FE}.Debug|Any CPU.ActiveCfg = Debug|Any CPU
		{F4E18A46-07C1-4772-8932-E8F0B3FEF0FE}.Debug|Any CPU.Build.0 = Debug|Any CPU
		{F4E18A46-07C1-4772-8932-E8F0B3FEF0FE}.Release|Any CPU.ActiveCfg = Release|Any CPU
		{F4E18A46-07C1-4772-8932-E8F0B3FEF0FE}.Release|Any CPU.Build.0 = Release|Any CPU
		{83FBBDED-ACC5-4218-B97A-04CFB0F58D1C}.Debug|Any CPU.ActiveCfg = Debug|Any CPU
		{83FBBDED-ACC5-4218-B97A-04CFB0F58D1C}.Debug|Any CPU.Build.0 = Debug|Any CPU
		{83FBBDED-ACC5-4218-B97A-04CFB0F58D1C}.Release|Any CPU.ActiveCfg = Release|Any CPU
		{83FBBDED-ACC5-4218-B97A-04CFB0F58D1C}.Release|Any CPU.Build.0 = Release|Any CPU
		{0C978E8F-9646-41CC-8F35-FD79D850F615}.Debug|Any CPU.ActiveCfg = Debug|Any CPU
		{0C978E8F-9646-41CC-8F35-FD79D850F615}.Debug|Any CPU.Build.0 = Debug|Any CPU
		{0C978E8F-9646-41CC-8F35-FD79D850F615}.Release|Any CPU.ActiveCfg = Release|Any CPU
		{0C978E8F-9646-41CC-8F35-FD79D850F615}.Release|Any CPU.Build.0 = Release|Any CPU
		{CAFE2605-65D4-4B66-9671-60EFC770AD3F}.Debug|Any CPU.ActiveCfg = Debug|Any CPU
		{CAFE2605-65D4-4B66-9671-60EFC770AD3F}.Debug|Any CPU.Build.0 = Debug|Any CPU
		{CAFE2605-65D4-4B66-9671-60EFC770AD3F}.Release|Any CPU.ActiveCfg = Release|Any CPU
		{CAFE2605-65D4-4B66-9671-60EFC770AD3F}.Release|Any CPU.Build.0 = Release|Any CPU
		{EFAD667B-6011-4A97-94FB-79E85BE1DD60}.Debug|Any CPU.ActiveCfg = Debug|Any CPU
		{EFAD667B-6011-4A97-94FB-79E85BE1DD60}.Debug|Any CPU.Build.0 = Debug|Any CPU
		{EFAD667B-6011-4A97-94FB-79E85BE1DD60}.Release|Any CPU.ActiveCfg = Release|Any CPU
		{EFAD667B-6011-4A97-94FB-79E85BE1DD60}.Release|Any CPU.Build.0 = Release|Any CPU
		{C710601A-49D6-49CB-9EEA-2528B0A45EFA}.Debug|Any CPU.ActiveCfg = Debug|Any CPU
		{C710601A-49D6-49CB-9EEA-2528B0A45EFA}.Debug|Any CPU.Build.0 = Debug|Any CPU
		{C710601A-49D6-49CB-9EEA-2528B0A45EFA}.Release|Any CPU.ActiveCfg = Release|Any CPU
		{C710601A-49D6-49CB-9EEA-2528B0A45EFA}.Release|Any CPU.Build.0 = Release|Any CPU
		{C190974D-CBED-47BD-ABDC-267AFBDD12E5}.Debug|Any CPU.ActiveCfg = Debug|Any CPU
		{C190974D-CBED-47BD-ABDC-267AFBDD12E5}.Debug|Any CPU.Build.0 = Debug|Any CPU
		{C190974D-CBED-47BD-ABDC-267AFBDD12E5}.Release|Any CPU.ActiveCfg = Release|Any CPU
		{C190974D-CBED-47BD-ABDC-267AFBDD12E5}.Release|Any CPU.Build.0 = Release|Any CPU
		{095E7F6C-200D-4A89-B91C-A1762C8D543F}.Debug|Any CPU.ActiveCfg = Debug|Any CPU
		{095E7F6C-200D-4A89-B91C-A1762C8D543F}.Debug|Any CPU.Build.0 = Debug|Any CPU
		{095E7F6C-200D-4A89-B91C-A1762C8D543F}.Release|Any CPU.ActiveCfg = Release|Any CPU
		{095E7F6C-200D-4A89-B91C-A1762C8D543F}.Release|Any CPU.Build.0 = Release|Any CPU
		{5C9B9384-7412-4E2E-BE0B-F0F5587D3592}.Debug|Any CPU.ActiveCfg = Debug|Any CPU
		{5C9B9384-7412-4E2E-BE0B-F0F5587D3592}.Debug|Any CPU.Build.0 = Debug|Any CPU
		{5C9B9384-7412-4E2E-BE0B-F0F5587D3592}.Release|Any CPU.ActiveCfg = Release|Any CPU
		{5C9B9384-7412-4E2E-BE0B-F0F5587D3592}.Release|Any CPU.Build.0 = Release|Any CPU
		{959AFD6F-7139-4511-8E5F-288355FA0D2F}.Debug|Any CPU.ActiveCfg = Debug|Any CPU
		{959AFD6F-7139-4511-8E5F-288355FA0D2F}.Debug|Any CPU.Build.0 = Debug|Any CPU
		{959AFD6F-7139-4511-8E5F-288355FA0D2F}.Release|Any CPU.ActiveCfg = Release|Any CPU
		{959AFD6F-7139-4511-8E5F-288355FA0D2F}.Release|Any CPU.Build.0 = Release|Any CPU
		{AA6C5C5C-BE0B-4A8F-BA04-8F21E2D426B8}.Debug|Any CPU.ActiveCfg = Debug|Any CPU
		{AA6C5C5C-BE0B-4A8F-BA04-8F21E2D426B8}.Debug|Any CPU.Build.0 = Debug|Any CPU
		{AA6C5C5C-BE0B-4A8F-BA04-8F21E2D426B8}.Release|Any CPU.ActiveCfg = Release|Any CPU
		{AA6C5C5C-BE0B-4A8F-BA04-8F21E2D426B8}.Release|Any CPU.Build.0 = Release|Any CPU
		{3E7FD18A-AF88-4070-A986-3E1D57550966}.Debug|Any CPU.ActiveCfg = Debug|Any CPU
		{3E7FD18A-AF88-4070-A986-3E1D57550966}.Debug|Any CPU.Build.0 = Debug|Any CPU
		{3E7FD18A-AF88-4070-A986-3E1D57550966}.Release|Any CPU.ActiveCfg = Release|Any CPU
		{3E7FD18A-AF88-4070-A986-3E1D57550966}.Release|Any CPU.Build.0 = Release|Any CPU
		{492B693C-FF28-4712-A945-E730796ED025}.Debug|Any CPU.ActiveCfg = Debug|Any CPU
		{492B693C-FF28-4712-A945-E730796ED025}.Debug|Any CPU.Build.0 = Debug|Any CPU
		{492B693C-FF28-4712-A945-E730796ED025}.Release|Any CPU.ActiveCfg = Release|Any CPU
		{492B693C-FF28-4712-A945-E730796ED025}.Release|Any CPU.Build.0 = Release|Any CPU
		{F9FBECD6-9DB2-4051-8E15-BE799E68DC97}.Debug|Any CPU.ActiveCfg = Debug|Any CPU
		{F9FBECD6-9DB2-4051-8E15-BE799E68DC97}.Debug|Any CPU.Build.0 = Debug|Any CPU
		{F9FBECD6-9DB2-4051-8E15-BE799E68DC97}.Release|Any CPU.ActiveCfg = Release|Any CPU
		{F9FBECD6-9DB2-4051-8E15-BE799E68DC97}.Release|Any CPU.Build.0 = Release|Any CPU
	EndGlobalSection
	GlobalSection(SolutionProperties) = preSolution
		HideSolutionNode = FALSE
	EndGlobalSection
	GlobalSection(NestedProjects) = preSolution
		{FDB062A1-EA55-4A31-A155-EF965DC99071} = {A477E3ED-2139-4D4B-BD01-C013864F3324}
		{6DA42052-2E62-4AA2-975B-4299A327FB3B} = {A477E3ED-2139-4D4B-BD01-C013864F3324}
		{38585249-A043-4429-AD57-4A0346693BAF} = {A477E3ED-2139-4D4B-BD01-C013864F3324}
		{830103B4-DA5B-4C38-984B-B74B3AE15819} = {A477E3ED-2139-4D4B-BD01-C013864F3324}
		{649DABD6-FEAF-4661-B18F-DEC32095BB83} = {A477E3ED-2139-4D4B-BD01-C013864F3324}
		{A74D2DE2-D968-4752-AF35-3A671F33910A} = {A477E3ED-2139-4D4B-BD01-C013864F3324}
		{99E7DC38-DE0B-4E28-8F15-BE5CB9152A53} = {A477E3ED-2139-4D4B-BD01-C013864F3324}
		{C0682540-8204-4E14-9E6A-30B3A81D54BC} = {A477E3ED-2139-4D4B-BD01-C013864F3324}
		{07BBE706-B1DE-4C5C-B68F-8B3C128925CD} = {A477E3ED-2139-4D4B-BD01-C013864F3324}
		{1F441918-3100-4162-9CAD-374D921D2B30} = {A477E3ED-2139-4D4B-BD01-C013864F3324}
		{AB0399DC-6CD0-46B7-8D43-FD19F2014874} = {A477E3ED-2139-4D4B-BD01-C013864F3324}
		{90F70699-C464-4AB3-BDA0-72C14723E88B} = {A477E3ED-2139-4D4B-BD01-C013864F3324}
		{0F08C2A1-A873-4A99-8309-13009B5AA2BB} = {A477E3ED-2139-4D4B-BD01-C013864F3324}
		{76260C22-B17A-458C-8831-DAC68E9A826A} = {A477E3ED-2139-4D4B-BD01-C013864F3324}
		{599C9F93-9910-4BE0-88F5-376DAFAEC80B} = {A477E3ED-2139-4D4B-BD01-C013864F3324}
		{E3340C7C-88AE-4313-8043-C90A96313A15} = {A477E3ED-2139-4D4B-BD01-C013864F3324}
		{AE740D65-9939-481D-BDD0-5E2DF54F5145} = {A477E3ED-2139-4D4B-BD01-C013864F3324}
		{9C8287CE-1D23-4565-A0C7-8753FAE4AF2E} = {A477E3ED-2139-4D4B-BD01-C013864F3324}
		{D00114C0-A4C8-40F1-9EDE-7F9C25755EBD} = {A477E3ED-2139-4D4B-BD01-C013864F3324}
		{BC760210-7E28-47F5-A179-0F004F002415} = {A477E3ED-2139-4D4B-BD01-C013864F3324}
		{FD7B6868-91EB-4ABB-A3FE-64F4031CB060} = {A477E3ED-2139-4D4B-BD01-C013864F3324}
		{210D9B5A-6FBA-47BF-A344-C1D2988E8F15} = {A477E3ED-2139-4D4B-BD01-C013864F3324}
		{257D7E9C-5D48-4104-BB84-A283E909F9C2} = {A477E3ED-2139-4D4B-BD01-C013864F3324}
		{F4E18A46-07C1-4772-8932-E8F0B3FEF0FE} = {A477E3ED-2139-4D4B-BD01-C013864F3324}
		{83FBBDED-ACC5-4218-B97A-04CFB0F58D1C} = {A477E3ED-2139-4D4B-BD01-C013864F3324}
		{0C978E8F-9646-41CC-8F35-FD79D850F615} = {A477E3ED-2139-4D4B-BD01-C013864F3324}
		{CAFE2605-65D4-4B66-9671-60EFC770AD3F} = {A477E3ED-2139-4D4B-BD01-C013864F3324}
		{EFAD667B-6011-4A97-94FB-79E85BE1DD60} = {A477E3ED-2139-4D4B-BD01-C013864F3324}
		{C710601A-49D6-49CB-9EEA-2528B0A45EFA} = {02EA681E-C7D8-13C7-8484-4AC65E1B71E8}
		{C190974D-CBED-47BD-ABDC-267AFBDD12E5} = {02EA681E-C7D8-13C7-8484-4AC65E1B71E8}
		{095E7F6C-200D-4A89-B91C-A1762C8D543F} = {02EA681E-C7D8-13C7-8484-4AC65E1B71E8}
		{5C9B9384-7412-4E2E-BE0B-F0F5587D3592} = {02EA681E-C7D8-13C7-8484-4AC65E1B71E8}
		{959AFD6F-7139-4511-8E5F-288355FA0D2F} = {02EA681E-C7D8-13C7-8484-4AC65E1B71E8}
		{AA6C5C5C-BE0B-4A8F-BA04-8F21E2D426B8} = {02EA681E-C7D8-13C7-8484-4AC65E1B71E8}
		{3E7FD18A-AF88-4070-A986-3E1D57550966} = {02EA681E-C7D8-13C7-8484-4AC65E1B71E8}
		{492B693C-FF28-4712-A945-E730796ED025} = {02EA681E-C7D8-13C7-8484-4AC65E1B71E8}
		{F9FBECD6-9DB2-4051-8E15-BE799E68DC97} = {02EA681E-C7D8-13C7-8484-4AC65E1B71E8}
	EndGlobalSection
	GlobalSection(ExtensibilityGlobals) = postSolution
		SolutionGuid = {D9F7EC77-C308-445B-8EEA-8C4A810EDCA8}
	EndGlobalSection
EndGlobal
